// !$*UTF8*$!
{
	archiveVersion = 1;
	classes = {
	};
	objectVersion = 50;
	objects = {

/* Begin PBXBuildFile section */
		F860ACBD216207D000C0CECE /* AppDelegate.swift in Sources */ = {isa = PBXBuildFile; fileRef = F860ACBC216207D000C0CECE /* AppDelegate.swift */; };
		F860ACBF216207D000C0CECE /* ViewController.swift in Sources */ = {isa = PBXBuildFile; fileRef = F860ACBE216207D000C0CECE /* ViewController.swift */; };
		F860ACC2216207D000C0CECE /* Main.storyboard in Resources */ = {isa = PBXBuildFile; fileRef = F860ACC0216207D000C0CECE /* Main.storyboard */; };
		F860ACC5216207D000C0CECE /* RESTFacility.xcdatamodeld in Sources */ = {isa = PBXBuildFile; fileRef = F860ACC3216207D000C0CECE /* RESTFacility.xcdatamodeld */; };
		F860ACC7216207D700C0CECE /* Assets.xcassets in Resources */ = {isa = PBXBuildFile; fileRef = F860ACC6216207D700C0CECE /* Assets.xcassets */; };
		F860ACCA216207D700C0CECE /* LaunchScreen.storyboard in Resources */ = {isa = PBXBuildFile; fileRef = F860ACC8216207D700C0CECE /* LaunchScreen.storyboard */; };
		F860ACDD21624F5000C0CECE /* FacilityVM.swift in Sources */ = {isa = PBXBuildFile; fileRef = F860ACDA21624F4F00C0CECE /* FacilityVM.swift */; };
		F860ACDE21624F5000C0CECE /* FacilityClient.swift in Sources */ = {isa = PBXBuildFile; fileRef = F860ACDB21624F4F00C0CECE /* FacilityClient.swift */; };
		F860ACDF21624F5000C0CECE /* FacilityViewController.swift in Sources */ = {isa = PBXBuildFile; fileRef = F860ACDC21624F4F00C0CECE /* FacilityViewController.swift */; };
/* End PBXBuildFile section */

/* Begin PBXFileReference section */
		F860ACB9216207D000C0CECE /* RESTFacility.app */ = {isa = PBXFileReference; explicitFileType = wrapper.application; includeInIndex = 0; path = RESTFacility.app; sourceTree = BUILT_PRODUCTS_DIR; };
		F860ACBC216207D000C0CECE /* AppDelegate.swift */ = {isa = PBXFileReference; lastKnownFileType = sourcecode.swift; path = AppDelegate.swift; sourceTree = "<group>"; };
		F860ACBE216207D000C0CECE /* ViewController.swift */ = {isa = PBXFileReference; lastKnownFileType = sourcecode.swift; path = ViewController.swift; sourceTree = "<group>"; };
		F860ACC1216207D000C0CECE /* Base */ = {isa = PBXFileReference; lastKnownFileType = file.storyboard; name = Base; path = Base.lproj/Main.storyboard; sourceTree = "<group>"; };
		F860ACC4216207D000C0CECE /* RESTFacility.xcdatamodel */ = {isa = PBXFileReference; lastKnownFileType = wrapper.xcdatamodel; path = RESTFacility.xcdatamodel; sourceTree = "<group>"; };
		F860ACC6216207D700C0CECE /* Assets.xcassets */ = {isa = PBXFileReference; lastKnownFileType = folder.assetcatalog; path = Assets.xcassets; sourceTree = "<group>"; };
		F860ACC9216207D700C0CECE /* Base */ = {isa = PBXFileReference; lastKnownFileType = file.storyboard; name = Base; path = Base.lproj/LaunchScreen.storyboard; sourceTree = "<group>"; };
		F860ACCB216207D700C0CECE /* Info.plist */ = {isa = PBXFileReference; lastKnownFileType = text.plist.xml; path = Info.plist; sourceTree = "<group>"; };
		F860ACDA21624F4F00C0CECE /* FacilityVM.swift */ = {isa = PBXFileReference; fileEncoding = 4; lastKnownFileType = sourcecode.swift; path = FacilityVM.swift; sourceTree = "<group>"; };
		F860ACDB21624F4F00C0CECE /* FacilityClient.swift */ = {isa = PBXFileReference; fileEncoding = 4; lastKnownFileType = sourcecode.swift; path = FacilityClient.swift; sourceTree = "<group>"; };
		F860ACDC21624F4F00C0CECE /* FacilityViewController.swift */ = {isa = PBXFileReference; fileEncoding = 4; lastKnownFileType = sourcecode.swift; path = FacilityViewController.swift; sourceTree = "<group>"; };
/* End PBXFileReference section */

/* Begin PBXFrameworksBuildPhase section */
		F860ACB6216207D000C0CECE /* Frameworks */ = {
			isa = PBXFrameworksBuildPhase;
			buildActionMask = 2147483647;
			files = (
			);
			runOnlyForDeploymentPostprocessing = 0;
		};
/* End PBXFrameworksBuildPhase section */

/* Begin PBXGroup section */
		F860ACB0216207D000C0CECE = {
			isa = PBXGroup;
			children = (
				F860ACBB216207D000C0CECE /* RESTFacility */,
				F860ACBA216207D000C0CECE /* Products */,
			);
			sourceTree = "<group>";
		};
		F860ACBA216207D000C0CECE /* Products */ = {
			isa = PBXGroup;
			children = (
				F860ACB9216207D000C0CECE /* RESTFacility.app */,
			);
			name = Products;
			sourceTree = "<group>";
		};
		F860ACBB216207D000C0CECE /* RESTFacility */ = {
			isa = PBXGroup;
			children = (
				F860ACDB21624F4F00C0CECE /* FacilityClient.swift */,
				F860ACDC21624F4F00C0CECE /* FacilityViewController.swift */,
				F860ACDA21624F4F00C0CECE /* FacilityVM.swift */,
				F860ACBC216207D000C0CECE /* AppDelegate.swift */,
				F860ACBE216207D000C0CECE /* ViewController.swift */,
				F860ACC0216207D000C0CECE /* Main.storyboard */,
				F860ACC6216207D700C0CECE /* Assets.xcassets */,
				F860ACC8216207D700C0CECE /* LaunchScreen.storyboard */,
				F860ACCB216207D700C0CECE /* Info.plist */,
				F860ACC3216207D000C0CECE /* RESTFacility.xcdatamodeld */,
			);
			path = RESTFacility;
			sourceTree = "<group>";
		};
/* End PBXGroup section */

/* Begin PBXNativeTarget section */
		F860ACB8216207D000C0CECE /* RESTFacility */ = {
			isa = PBXNativeTarget;
			buildConfigurationList = F860ACCE216207D700C0CECE /* Build configuration list for PBXNativeTarget "RESTFacility" */;
			buildPhases = (
				F860ACB5216207D000C0CECE /* Sources */,
				F860ACB6216207D000C0CECE /* Frameworks */,
				F860ACB7216207D000C0CECE /* Resources */,
			);
			buildRules = (
			);
			dependencies = (
			);
			name = RESTFacility;
			productName = RESTFacility;
			productReference = F860ACB9216207D000C0CECE /* RESTFacility.app */;
			productType = "com.apple.product-type.application";
		};
/* End PBXNativeTarget section */

/* Begin PBXProject section */
		F860ACB1216207D000C0CECE /* Project object */ = {
			isa = PBXProject;
			attributes = {
				LastSwiftUpdateCheck = 0940;
				LastUpgradeCheck = 0940;
				ORGANIZATIONNAME = "Santosh Kumar Chaurasia";
				TargetAttributes = {
					F860ACB8216207D000C0CECE = {
						CreatedOnToolsVersion = 9.4.1;
					};
				};
			};
			buildConfigurationList = F860ACB4216207D000C0CECE /* Build configuration list for PBXProject "RESTFacility" */;
			compatibilityVersion = "Xcode 9.3";
			developmentRegion = en;
			hasScannedForEncodings = 0;
			knownRegions = (
				en,
				Base,
			);
			mainGroup = F860ACB0216207D000C0CECE;
			productRefGroup = F860ACBA216207D000C0CECE /* Products */;
			projectDirPath = "";
			projectRoot = "";
			targets = (
				F860ACB8216207D000C0CECE /* RESTFacility */,
			);
		};
/* End PBXProject section */

/* Begin PBXResourcesBuildPhase section */
		F860ACB7216207D000C0CECE /* Resources */ = {
			isa = PBXResourcesBuildPhase;
			buildActionMask = 2147483647;
			files = (
				F860ACCA216207D700C0CECE /* LaunchScreen.storyboard in Resources */,
				F860ACC7216207D700C0CECE /* Assets.xcassets in Resources */,
				F860ACC2216207D000C0CECE /* Main.storyboard in Resources */,
			);
			runOnlyForDeploymentPostprocessing = 0;
		};
/* End PBXResourcesBuildPhase section */

/* Begin PBXSourcesBuildPhase section */
		F860ACB5216207D000C0CECE /* Sources */ = {
			isa = PBXSourcesBuildPhase;
			buildActionMask = 2147483647;
			files = (
				F860ACC5216207D000C0CECE /* RESTFacility.xcdatamodeld in Sources */,
				F860ACBF216207D000C0CECE /* ViewController.swift in Sources */,
				F860ACBD216207D000C0CECE /* AppDelegate.swift in Sources */,
				F860ACDF21624F5000C0CECE /* FacilityViewController.swift in Sources */,
				F860ACDD21624F5000C0CECE /* FacilityVM.swift in Sources */,
				F860ACDE21624F5000C0CECE /* FacilityClient.swift in Sources */,
			);
			runOnlyForDeploymentPostprocessing = 0;
		};
/* End PBXSourcesBuildPhase section */

/* Begin PBXVariantGroup section */
		F860ACC0216207D000C0CECE /* Main.storyboard */ = {
			isa = PBXVariantGroup;
			children = (
				F860ACC1216207D000C0CECE /* Base */,
			);
			name = Main.storyboard;
			sourceTree = "<group>";
		};
		F860ACC8216207D700C0CECE /* LaunchScreen.storyboard */ = {
			isa = PBXVariantGroup;
			children = (
				F860ACC9216207D700C0CECE /* Base */,
			);
			name = LaunchScreen.storyboard;
			sourceTree = "<group>";
		};
/* End PBXVariantGroup section */

/* Begin XCBuildConfiguration section */
		F860ACCC216207D700C0CECE /* Debug */ = {
			isa = XCBuildConfiguration;
			buildSettings = {
				ALWAYS_SEARCH_USER_PATHS = NO;
				CLANG_ANALYZER_NONNULL = YES;
				CLANG_ANALYZER_NUMBER_OBJECT_CONVERSION = YES_AGGRESSIVE;
				CLANG_CXX_LANGUAGE_STANDARD = "gnu++14";
				CLANG_CXX_LIBRARY = "libc++";
				CLANG_ENABLE_MODULES = YES;
				CLANG_ENABLE_OBJC_ARC = YES;
				CLANG_ENABLE_OBJC_WEAK = YES;
				CLANG_WARN_BLOCK_CAPTURE_AUTORELEASING = YES;
				CLANG_WARN_BOOL_CONVERSION = YES;
				CLANG_WARN_COMMA = YES;
				CLANG_WARN_CONSTANT_CONVERSION = YES;
				CLANG_WARN_DEPRECATED_OBJC_IMPLEMENTATIONS = YES;
				CLANG_WARN_DIRECT_OBJC_ISA_USAGE = YES_ERROR;
				CLANG_WARN_DOCUMENTATION_COMMENTS = YES;
				CLANG_WARN_EMPTY_BODY = YES;
				CLANG_WARN_ENUM_CONVERSION = YES;
				CLANG_WARN_INFINITE_RECURSION = YES;
				CLANG_WARN_INT_CONVERSION = YES;
				CLANG_WARN_NON_LITERAL_NULL_CONVERSION = YES;
				CLANG_WARN_OBJC_IMPLICIT_RETAIN_SELF = YES;
				CLANG_WARN_OBJC_LITERAL_CONVERSION = YES;
				CLANG_WARN_OBJC_ROOT_CLASS = YES_ERROR;
				CLANG_WARN_RANGE_LOOP_ANALYSIS = YES;
				CLANG_WARN_STRICT_PROTOTYPES = YES;
				CLANG_WARN_SUSPICIOUS_MOVE = YES;
				CLANG_WARN_UNGUARDED_AVAILABILITY = YES_AGGRESSIVE;
				CLANG_WARN_UNREACHABLE_CODE = YES;
				CLANG_WARN__DUPLICATE_METHOD_MATCH = YES;
				CODE_SIGN_IDENTITY = "iPhone Developer";
				COPY_PHASE_STRIP = NO;
				DEBUG_INFORMATION_FORMAT = dwarf;
				ENABLE_STRICT_OBJC_MSGSEND = YES;
				ENABLE_TESTABILITY = YES;
				GCC_C_LANGUAGE_STANDARD = gnu11;
				GCC_DYNAMIC_NO_PIC = NO;
				GCC_NO_COMMON_BLOCKS = YES;
				GCC_OPTIMIZATION_LEVEL = 0;
				GCC_PREPROCESSOR_DEFINITIONS = (
					"DEBUG=1",
					"$(inherited)",
				);
				GCC_WARN_64_TO_32_BIT_CONVERSION = YES;
				GCC_WARN_ABOUT_RETURN_TYPE = YES_ERROR;
				GCC_WARN_UNDECLARED_SELECTOR = YES;
				GCC_WARN_UNINITIALIZED_AUTOS = YES_AGGRESSIVE;
				GCC_WARN_UNUSED_FUNCTION = YES;
				GCC_WARN_UNUSED_VARIABLE = YES;
				IPHONEOS_DEPLOYMENT_TARGET = 11.4;
				MTL_ENABLE_DEBUG_INFO = YES;
				ONLY_ACTIVE_ARCH = YES;
				SDKROOT = iphoneos;
				SWIFT_ACTIVE_COMPILATION_CONDITIONS = DEBUG;
				SWIFT_OPTIMIZATION_LEVEL = "-Onone";
			};
			name = Debug;
		};
		F860ACCD216207D700C0CECE /* Release */ = {
			isa = XCBuildConfiguration;
			buildSettings = {
				ALWAYS_SEARCH_USER_PATHS = NO;
				CLANG_ANALYZER_NONNULL = YES;
				CLANG_ANALYZER_NUMBER_OBJECT_CONVERSION = YES_AGGRESSIVE;
				CLANG_CXX_LANGUAGE_STANDARD = "gnu++14";
				CLANG_CXX_LIBRARY = "libc++";
				CLANG_ENABLE_MODULES = YES;
				CLANG_ENABLE_OBJC_ARC = YES;
				CLANG_ENABLE_OBJC_WEAK = YES;
				CLANG_WARN_BLOCK_CAPTURE_AUTORELEASING = YES;
				CLANG_WARN_BOOL_CONVERSION = YES;
				CLANG_WARN_COMMA = YES;
				CLANG_WARN_CONSTANT_CONVERSION = YES;
				CLANG_WARN_DEPRECATED_OBJC_IMPLEMENTATIONS = YES;
				CLANG_WARN_DIRECT_OBJC_ISA_USAGE = YES_ERROR;
				CLANG_WARN_DOCUMENTATION_COMMENTS = YES;
				CLANG_WARN_EMPTY_BODY = YES;
				CLANG_WARN_ENUM_CONVERSION = YES;
				CLANG_WARN_INFINITE_RECURSION = YES;
				CLANG_WARN_INT_CONVERSION = YES;
				CLANG_WARN_NON_LITERAL_NULL_CONVERSION = YES;
				CLANG_WARN_OBJC_IMPLICIT_RETAIN_SELF = YES;
				CLANG_WARN_OBJC_LITERAL_CONVERSION = YES;
				CLANG_WARN_OBJC_ROOT_CLASS = YES_ERROR;
				CLANG_WARN_RANGE_LOOP_ANALYSIS = YES;
				CLANG_WARN_STRICT_PROTOTYPES = YES;
				CLANG_WARN_SUSPICIOUS_MOVE = YES;
				CLANG_WARN_UNGUARDED_AVAILABILITY = YES_AGGRESSIVE;
				CLANG_WARN_UNREACHABLE_CODE = YES;
				CLANG_WARN__DUPLICATE_METHOD_MATCH = YES;
				CODE_SIGN_IDENTITY = "iPhone Developer";
				COPY_PHASE_STRIP = NO;
				DEBUG_INFORMATION_FORMAT = "dwarf-with-dsym";
				ENABLE_NS_ASSERTIONS = NO;
				ENABLE_STRICT_OBJC_MSGSEND = YES;
				GCC_C_LANGUAGE_STANDARD = gnu11;
				GCC_NO_COMMON_BLOCKS = YES;
				GCC_WARN_64_TO_32_BIT_CONVERSION = YES;
				GCC_WARN_ABOUT_RETURN_TYPE = YES_ERROR;
				GCC_WARN_UNDECLARED_SELECTOR = YES;
				GCC_WARN_UNINITIALIZED_AUTOS = YES_AGGRESSIVE;
				GCC_WARN_UNUSED_FUNCTION = YES;
				GCC_WARN_UNUSED_VARIABLE = YES;
				IPHONEOS_DEPLOYMENT_TARGET = 11.4;
				MTL_ENABLE_DEBUG_INFO = NO;
				SDKROOT = iphoneos;
				SWIFT_COMPILATION_MODE = wholemodule;
				SWIFT_OPTIMIZATION_LEVEL = "-O";
				VALIDATE_PRODUCT = YES;
			};
			name = Release;
		};
		F860ACCF216207D700C0CECE /* Debug */ = {
			isa = XCBuildConfiguration;
			buildSettings = {
				ASSETCATALOG_COMPILER_APPICON_NAME = AppIcon;
				CODE_SIGN_STYLE = Manual;
				DEVELOPMENT_TEAM = "";
				INFOPLIST_FILE = RESTFacility/Info.plist;
				LD_RUNPATH_SEARCH_PATHS = (
					"$(inherited)",
					"@executable_path/Frameworks",
				);
				PRODUCT_BUNDLE_IDENTIFIER = com.santosh.RESTFacility;
				PRODUCT_NAME = "$(TARGET_NAME)";
				PROVISIONING_PROFILE_SPECIFIER = "";
				SWIFT_VERSION = 4.0;
				TARGETED_DEVICE_FAMILY = "1,2";
			};
			name = Debug;
		};
		F860ACD0216207D700C0CECE /* Release */ = {
			isa = XCBuildConfiguration;
			buildSettings = {
				ASSETCATALOG_COMPILER_APPICON_NAME = AppIcon;
				CODE_SIGN_STYLE = Manual;
				DEVELOPMENT_TEAM = "";
				INFOPLIST_FILE = RESTFacility/Info.plist;
				LD_RUNPATH_SEARCH_PATHS = (
					"$(inherited)",
					"@executable_path/Frameworks",
				);
				PRODUCT_BUNDLE_IDENTIFIER = com.santosh.RESTFacility;
				PRODUCT_NAME = "$(TARGET_NAME)";
				PROVISIONING_PROFILE_SPECIFIER = "";
				SWIFT_VERSION = 4.0;
				TARGETED_DEVICE_FAMILY = "1,2";
			};
			name = Release;
		};
/* End XCBuildConfiguration section */

/* Begin XCConfigurationList section */
		F860ACB4216207D000C0CECE /* Build configuration list for PBXProject "RESTFacility" */ = {
			isa = XCConfigurationList;
			buildConfigurations = (
				F860ACCC216207D700C0CECE /* Debug */,
				F860ACCD216207D700C0CECE /* Release */,
			);
			defaultConfigurationIsVisible = 0;
			defaultConfigurationName = Release;
		};
		F860ACCE216207D700C0CECE /* Build configuration list for PBXNativeTarget "RESTFacility" */ = {
			isa = XCConfigurationList;
			buildConfigurations = (
				F860ACCF216207D700C0CECE /* Debug */,
				F860ACD0216207D700C0CECE /* Release */,
			);
			defaultConfigurationIsVisible = 0;
			defaultConfigurationName = Release;
		};
/* End XCConfigurationList section */

/* Begin XCVersionGroup section */
		F860ACC3216207D000C0CECE /* RESTFacility.xcdatamodeld */ = {
			isa = XCVersionGroup;
			children = (
				F860ACC4216207D000C0CECE /* RESTFacility.xcdatamodel */,
			);
			currentVersion = F860ACC4216207D000C0CECE /* RESTFacility.xcdatamodel */;
			path = RESTFacility.xcdatamodeld;
			sourceTree = "<group>";
			versionGroupType = wrapper.xcdatamodel;
		};
/* End XCVersionGroup section */
	};
	rootObject = F860ACB1216207D000C0CECE /* Project object */;
}
